
Microsoft Visual Studio Solution File, Format Version 12.00
# Visual Studio Version 17
VisualStudioVersion = 17.9.34407.89
MinimumVisualStudioVersion = 10.0.40219.1
Project("{FAE04EC0-301F-11D3-BF4B-00C04F79EFBC}") = "DialogEngine", "DialogEngine\DialogEngine.csproj", "{654E301A-5806-44D4-B689-1578C738B436}"
EndProject
Project("{FAE04EC0-301F-11D3-BF4B-00C04F79EFBC}") = "DialogEngine.Demos", "DialogEngine.Demos\DialogEngine.Demos.csproj", "{B29ECC97-755A-43F8-A703-6084030B8A4E}"
EndProject
Global
	GlobalSection(SolutionConfigurationPlatforms) = preSolution
		Debug|Any CPU = Debug|Any CPU
		Release|Any CPU = Release|Any CPU
	EndGlobalSection
	GlobalSection(ProjectConfigurationPlatforms) = postSolution
		{654E301A-5806-44D4-B689-1578C738B436}.Debug|Any CPU.ActiveCfg = Debug|Any CPU
		{654E301A-5806-44D4-B689-1578C738B436}.Debug|Any CPU.Build.0 = Debug|Any CPU
		{654E301A-5806-44D4-B689-1578C738B436}.Release|Any CPU.ActiveCfg = Release|Any CPU
		{654E301A-5806-44D4-B689-1578C738B436}.Release|Any CPU.Build.0 = Release|Any CPU
		{B29ECC97-755A-43F8-A703-6084030B8A4E}.Debug|Any CPU.ActiveCfg = Debug|Any CPU
		{B29ECC97-755A-43F8-A703-6084030B8A4E}.Debug|Any CPU.Build.0 = Debug|Any CPU
		{B29ECC97-755A-43F8-A703-6084030B8A4E}.Release|Any CPU.ActiveCfg = Release|Any CPU
		{B29ECC97-755A-43F8-A703-6084030B8A4E}.Release|Any CPU.Build.0 = Release|Any CPU
	EndGlobalSection
	GlobalSection(SolutionProperties) = preSolution
		HideSolutionNode = FALSE
	EndGlobalSection
	GlobalSection(ExtensibilityGlobals) = postSolution
		SolutionGuid = {5AFA69C1-BF2E-4C69-9163-3C1FEB67EF52}
	EndGlobalSection
EndGlobal
